
Microsoft Visual Studio Solution File, Format Version 12.00
# Visual Studio Version 17
VisualStudioVersion = 17.9.34701.34
MinimumVisualStudioVersion = 10.0.40219.1
Project("{FAE04EC0-301F-11D3-BF4B-00C04F79EFBC}") = "Banking Program", "Banking Program.csproj", "{81AFFA82-176B-4639-9F00-D5C48A6FEA5B}"
EndProject
Global
	GlobalSection(SolutionConfigurationPlatforms) = preSolution
		Debug|Any CPU = Debug|Any CPU
		Release|Any CPU = Release|Any CPU
	EndGlobalSection
	GlobalSection(ProjectConfigurationPlatforms) = postSolution
		{81AFFA82-176B-4639-9F00-D5C48A6FEA5B}.Debug|Any CPU.ActiveCfg = Debug|Any CPU
		{81AFFA82-176B-4639-9F00-D5C48A6FEA5B}.Debug|Any CPU.Build.0 = Debug|Any CPU
		{81AFFA82-176B-4639-9F00-D5C48A6FEA5B}.Release|Any CPU.ActiveCfg = Release|Any CPU
		{81AFFA82-176B-4639-9F00-D5C48A6FEA5B}.Release|Any CPU.Build.0 = Release|Any CPU
	EndGlobalSection
	GlobalSection(SolutionProperties) = preSolution
		HideSolutionNode = FALSE
	EndGlobalSection
	GlobalSection(ExtensibilityGlobals) = postSolution
		SolutionGuid = {BA4A21D6-177A-49CE-991D-50ECBBAEA749}
	EndGlobalSection
EndGlobal
